
Microsoft Visual Studio Solution File, Format Version 12.00
# Visual Studio Version 16
VisualStudioVersion = 16.0.30011.22
MinimumVisualStudioVersion = 10.0.40219.1
Project("{FAE04EC0-301F-11D3-BF4B-00C04F79EFBC}") = "Programming.DAL", "Programming.DAL\Programming.DAL.csproj", "{8764B1C8-08EC-4FB0-AF3C-769C67BE3C4C}"
EndProject
Project("{FAE04EC0-301F-11D3-BF4B-00C04F79EFBC}") = "Programming.API", "Programming.API\Programming.API.csproj", "{3B7FA6D0-B47C-4CA7-B401-FD3EE2436963}"
EndProject
Global
	GlobalSection(SolutionConfigurationPlatforms) = preSolution
		Debug|Any CPU = Debug|Any CPU
		Release|Any CPU = Release|Any CPU
	EndGlobalSection
	GlobalSection(ProjectConfigurationPlatforms) = postSolution
		{8764B1C8-08EC-4FB0-AF3C-769C67BE3C4C}.Debug|Any CPU.ActiveCfg = Debug|Any CPU
		{8764B1C8-08EC-4FB0-AF3C-769C67BE3C4C}.Debug|Any CPU.Build.0 = Debug|Any CPU
		{8764B1C8-08EC-4FB0-AF3C-769C67BE3C4C}.Release|Any CPU.ActiveCfg = Release|Any CPU
		{8764B1C8-08EC-4FB0-AF3C-769C67BE3C4C}.Release|Any CPU.Build.0 = Release|Any CPU
		{3B7FA6D0-B47C-4CA7-B401-FD3EE2436963}.Debug|Any CPU.ActiveCfg = Debug|Any CPU
		{3B7FA6D0-B47C-4CA7-B401-FD3EE2436963}.Debug|Any CPU.Build.0 = Debug|Any CPU
		{3B7FA6D0-B47C-4CA7-B401-FD3EE2436963}.Release|Any CPU.ActiveCfg = Release|Any CPU
		{3B7FA6D0-B47C-4CA7-B401-FD3EE2436963}.Release|Any CPU.Build.0 = Release|Any CPU
	EndGlobalSection
	GlobalSection(SolutionProperties) = preSolution
		HideSolutionNode = FALSE
	EndGlobalSection
	GlobalSection(ExtensibilityGlobals) = postSolution
		SolutionGuid = {B67A72C9-09C1-4B5F-A937-E635A0B8E44D}
	EndGlobalSection
EndGlobal
